
Microsoft Visual Studio Solution File, Format Version 12.00
# Visual Studio Version 17
VisualStudioVersion = 17.11.35222.181
MinimumVisualStudioVersion = 10.0.40219.1
Project("{FAE04EC0-301F-11D3-BF4B-00C04F79EFBC}") = "Sangokushi_CS", "Sangokushi_CS.csproj", "{C78DF969-B383-40AA-B817-0490A430CC0C}"
EndProject
Global
	GlobalSection(SolutionConfigurationPlatforms) = preSolution
		Debug|Any CPU = Debug|Any CPU
		Release|Any CPU = Release|Any CPU
	EndGlobalSection
	GlobalSection(ProjectConfigurationPlatforms) = postSolution
		{C78DF969-B383-40AA-B817-0490A430CC0C}.Debug|Any CPU.ActiveCfg = Debug|Any CPU
		{C78DF969-B383-40AA-B817-0490A430CC0C}.Debug|Any CPU.Build.0 = Debug|Any CPU
		{C78DF969-B383-40AA-B817-0490A430CC0C}.Release|Any CPU.ActiveCfg = Release|Any CPU
		{C78DF969-B383-40AA-B817-0490A430CC0C}.Release|Any CPU.Build.0 = Release|Any CPU
	EndGlobalSection
	GlobalSection(SolutionProperties) = preSolution
		HideSolutionNode = FALSE
	EndGlobalSection
	GlobalSection(ExtensibilityGlobals) = postSolution
		SolutionGuid = {C9DCF698-C22C-4F71-AFCA-9F45FFF61C1D}
	EndGlobalSection
EndGlobal
